{
  "name": "@htmlbricks/hb-bundle",
  "version": "0.15.10",
  "lockfileVersion": 2,
  "requires": true,
  "packages": {
    "": {
      "name": "@htmlbricks/hb-bundle",
      "version": "0.15.10",
      "license": "MIT",
      "devDependencies": {},
      "engines": {
        "node": ">=14.0.0"
      }
    }
  }
}
