{
  "name": "@htmlbricks/hb-jsutils",
  "version": "0.17.34",
  "lockfileVersion": 2,
  "requires": true,
  "packages": {
    "": {
      "name": "@htmlbricks/hb-jsutils",
      "version": "0.17.34",
      "license": "MIT",
      "dependencies": {
        "monorepo-wc-packages-manifester": "^0.0.3"
      },
      "devDependencies": {
        "typescript": "^4.2.4"
      },
      "engines": {
        "node": ">=14.0.0"
      }
    },
    "node_modules/commander": {
      "version": "9.5.0",
      "resolved": "https://registry.npmjs.org/commander/-/commander-9.5.0.tgz",
      "integrity": "sha512-KRs7WVDKg86PWiuAqhDrAQnTXZKraVcCc6vFdL14qrZ/DcWwuRo7VoiYXalXO7S5GKpqYiVEwCbgFDfxNHKJBQ==",
      "engines": {
        "node": "^12.20.0 || >=14"
      }
    },
    "node_modules/monorepo-wc-packages-manifester": {
      "version": "0.0.3",
      "resolved": "https://registry.npmjs.org/monorepo-wc-packages-manifester/-/monorepo-wc-packages-manifester-0.0.3.tgz",
      "integrity": "sha512-EqpWv47rxVS/W68dIjG3lNLjHmTMz18TQcQOhoS5nLYUtsGF005pPCcJEsFLwe8l/GnayS6uShjBecpV1DLzbA==",
      "dependencies": {
        "commander": "^9.1.0"
      },
      "bin": {
        "monorepo-wc-packages-manifester": "main.js"
      }
    },
    "node_modules/typescript": {
      "version": "4.5.5",
      "resolved": "https://registry.npmjs.org/typescript/-/typescript-4.5.5.tgz",
      "integrity": "sha512-TCTIul70LyWe6IJWT8QSYeA54WQe8EjQFU4wY52Fasj5UKx88LNYKCgBEHcOMOrFF1rKGbD8v/xcNWVUq9SymA==",
      "dev": true,
      "bin": {
        "tsc": "bin/tsc",
        "tsserver": "bin/tsserver"
      },
      "engines": {
        "node": ">=4.2.0"
      }
    }
  },
  "dependencies": {
    "commander": {
      "version": "9.5.0",
      "resolved": "https://registry.npmjs.org/commander/-/commander-9.5.0.tgz",
      "integrity": "sha512-KRs7WVDKg86PWiuAqhDrAQnTXZKraVcCc6vFdL14qrZ/DcWwuRo7VoiYXalXO7S5GKpqYiVEwCbgFDfxNHKJBQ=="
    },
    "monorepo-wc-packages-manifester": {
      "version": "0.0.3",
      "resolved": "https://registry.npmjs.org/monorepo-wc-packages-manifester/-/monorepo-wc-packages-manifester-0.0.3.tgz",
      "integrity": "sha512-EqpWv47rxVS/W68dIjG3lNLjHmTMz18TQcQOhoS5nLYUtsGF005pPCcJEsFLwe8l/GnayS6uShjBecpV1DLzbA==",
      "requires": {
        "commander": "^9.1.0"
      }
    },
    "typescript": {
      "version": "4.5.5",
      "resolved": "https://registry.npmjs.org/typescript/-/typescript-4.5.5.tgz",
      "integrity": "sha512-TCTIul70LyWe6IJWT8QSYeA54WQe8EjQFU4wY52Fasj5UKx88LNYKCgBEHcOMOrFF1rKGbD8v/xcNWVUq9SymA==",
      "dev": true
    }
  }
}
